
Microsoft Visual Studio Solution File, Format Version 12.00
# Visual Studio Version 17
VisualStudioVersion = 17.14.36221.1 d17.14
MinimumVisualStudioVersion = 10.0.40219.1
Project("{FAE04EC0-301F-11D3-BF4B-00C04F79EFBC}") = "DAL", "DAL\DAL.csproj", "{A877A703-9889-4FA1-9097-EEEAE000AF78}"
EndProject
Project("{FAE04EC0-301F-11D3-BF4B-00C04F79EFBC}") = "BLL", "BLL\BLL.csproj", "{EB3B1B89-2D1D-4A1E-9EBE-9A2CFB1E672D}"
	ProjectSection(ProjectDependencies) = postProject
		{A877A703-9889-4FA1-9097-EEEAE000AF78} = {A877A703-9889-4FA1-9097-EEEAE000AF78}
	EndProjectSection
EndProject
Project("{FAE04EC0-301F-11D3-BF4B-00C04F79EFBC}") = "Northwind WinUI", "Northwind WinUI\Northwind WinUI.csproj", "{61273E7C-21CF-48E3-AE1F-55F84726C98F}"
	ProjectSection(ProjectDependencies) = postProject
		{EB3B1B89-2D1D-4A1E-9EBE-9A2CFB1E672D} = {EB3B1B89-2D1D-4A1E-9EBE-9A2CFB1E672D}
	EndProjectSection
EndProject
Global
	GlobalSection(SolutionConfigurationPlatforms) = preSolution
		Debug|Any CPU = Debug|Any CPU
		Release|Any CPU = Release|Any CPU
	EndGlobalSection
	GlobalSection(ProjectConfigurationPlatforms) = postSolution
		{A877A703-9889-4FA1-9097-EEEAE000AF78}.Debug|Any CPU.ActiveCfg = Debug|Any CPU
		{A877A703-9889-4FA1-9097-EEEAE000AF78}.Debug|Any CPU.Build.0 = Debug|Any CPU
		{A877A703-9889-4FA1-9097-EEEAE000AF78}.Release|Any CPU.ActiveCfg = Release|Any CPU
		{A877A703-9889-4FA1-9097-EEEAE000AF78}.Release|Any CPU.Build.0 = Release|Any CPU
		{EB3B1B89-2D1D-4A1E-9EBE-9A2CFB1E672D}.Debug|Any CPU.ActiveCfg = Debug|Any CPU
		{EB3B1B89-2D1D-4A1E-9EBE-9A2CFB1E672D}.Debug|Any CPU.Build.0 = Debug|Any CPU
		{EB3B1B89-2D1D-4A1E-9EBE-9A2CFB1E672D}.Release|Any CPU.ActiveCfg = Release|Any CPU
		{EB3B1B89-2D1D-4A1E-9EBE-9A2CFB1E672D}.Release|Any CPU.Build.0 = Release|Any CPU
		{61273E7C-21CF-48E3-AE1F-55F84726C98F}.Debug|Any CPU.ActiveCfg = Debug|Any CPU
		{61273E7C-21CF-48E3-AE1F-55F84726C98F}.Debug|Any CPU.Build.0 = Debug|Any CPU
		{61273E7C-21CF-48E3-AE1F-55F84726C98F}.Release|Any CPU.ActiveCfg = Release|Any CPU
		{61273E7C-21CF-48E3-AE1F-55F84726C98F}.Release|Any CPU.Build.0 = Release|Any CPU
	EndGlobalSection
	GlobalSection(SolutionProperties) = preSolution
		HideSolutionNode = FALSE
	EndGlobalSection
	GlobalSection(ExtensibilityGlobals) = postSolution
		SolutionGuid = {373C87C3-E87B-4A64-A0A3-4156BAF146EE}
	EndGlobalSection
EndGlobal
